
Microsoft Visual Studio Solution File, Format Version 12.00
# Visual Studio Version 17
VisualStudioVersion = 17.0.31903.59
MinimumVisualStudioVersion = 10.0.40219.1
Project("{2150E333-8FDC-42A3-9474-1A3956D46DE8}") = "src", "src", "{C84AE8C4-10DD-472B-A83E-8C9F8BCA1F68}"
EndProject
Project("{FAE04EC0-301F-11D3-BF4B-00C04F79EFBC}") = "VMTranslator", "src\VMTranslator\VMTranslator.csproj", "{A3ECC201-9FA3-4D84-BBBA-71CC2CC74355}"
EndProject
Project("{FAE04EC0-301F-11D3-BF4B-00C04F79EFBC}") = "VMTranslator.Tests", "src\VMTranslator.Tests\VMTranslator.Tests.csproj", "{E6FDD1E6-BCA2-4B44-B4C7-DDE2CB26C103}"
EndProject
Global
	GlobalSection(SolutionConfigurationPlatforms) = preSolution
		Debug|Any CPU = Debug|Any CPU
		Release|Any CPU = Release|Any CPU
	EndGlobalSection
	GlobalSection(SolutionProperties) = preSolution
		HideSolutionNode = FALSE
	EndGlobalSection
	GlobalSection(ProjectConfigurationPlatforms) = postSolution
		{A3ECC201-9FA3-4D84-BBBA-71CC2CC74355}.Debug|Any CPU.ActiveCfg = Debug|Any CPU
		{A3ECC201-9FA3-4D84-BBBA-71CC2CC74355}.Debug|Any CPU.Build.0 = Debug|Any CPU
		{A3ECC201-9FA3-4D84-BBBA-71CC2CC74355}.Release|Any CPU.ActiveCfg = Release|Any CPU
		{A3ECC201-9FA3-4D84-BBBA-71CC2CC74355}.Release|Any CPU.Build.0 = Release|Any CPU
		{E6FDD1E6-BCA2-4B44-B4C7-DDE2CB26C103}.Debug|Any CPU.ActiveCfg = Debug|Any CPU
		{E6FDD1E6-BCA2-4B44-B4C7-DDE2CB26C103}.Debug|Any CPU.Build.0 = Debug|Any CPU
		{E6FDD1E6-BCA2-4B44-B4C7-DDE2CB26C103}.Release|Any CPU.ActiveCfg = Release|Any CPU
		{E6FDD1E6-BCA2-4B44-B4C7-DDE2CB26C103}.Release|Any CPU.Build.0 = Release|Any CPU
	EndGlobalSection
	GlobalSection(NestedProjects) = preSolution
		{A3ECC201-9FA3-4D84-BBBA-71CC2CC74355} = {C84AE8C4-10DD-472B-A83E-8C9F8BCA1F68}
		{E6FDD1E6-BCA2-4B44-B4C7-DDE2CB26C103} = {C84AE8C4-10DD-472B-A83E-8C9F8BCA1F68}
	EndGlobalSection
EndGlobal
